
Microsoft Visual Studio Solution File, Format Version 12.00
# Visual Studio 15
VisualStudioVersion = 15.0.27428.2002
MinimumVisualStudioVersion = 10.0.40219.1
Project("{FAE04EC0-301F-11D3-BF4B-00C04F79EFBC}") = "ComeFlyWithMe", "ComeFlyWithMe\ComeFlyWithMe.csproj", "{D78440C7-84B9-4E93-8D12-77AB655CF3AA}"
EndProject
Global
	GlobalSection(SolutionConfigurationPlatforms) = preSolution
		Debug|ARM = Debug|ARM
		Debug|x64 = Debug|x64
		Debug|x86 = Debug|x86
		Release|ARM = Release|ARM
		Release|x64 = Release|x64
		Release|x86 = Release|x86
	EndGlobalSection
	GlobalSection(ProjectConfigurationPlatforms) = postSolution
		{D78440C7-84B9-4E93-8D12-77AB655CF3AA}.Debug|ARM.ActiveCfg = Debug|ARM
		{D78440C7-84B9-4E93-8D12-77AB655CF3AA}.Debug|ARM.Build.0 = Debug|ARM
		{D78440C7-84B9-4E93-8D12-77AB655CF3AA}.Debug|ARM.Deploy.0 = Debug|ARM
		{D78440C7-84B9-4E93-8D12-77AB655CF3AA}.Debug|x64.ActiveCfg = Debug|x64
		{D78440C7-84B9-4E93-8D12-77AB655CF3AA}.Debug|x64.Build.0 = Debug|x64
		{D78440C7-84B9-4E93-8D12-77AB655CF3AA}.Debug|x64.Deploy.0 = Debug|x64
		{D78440C7-84B9-4E93-8D12-77AB655CF3AA}.Debug|x86.ActiveCfg = Debug|x86
		{D78440C7-84B9-4E93-8D12-77AB655CF3AA}.Debug|x86.Build.0 = Debug|x86
		{D78440C7-84B9-4E93-8D12-77AB655CF3AA}.Debug|x86.Deploy.0 = Debug|x86
		{D78440C7-84B9-4E93-8D12-77AB655CF3AA}.Release|ARM.ActiveCfg = Release|ARM
		{D78440C7-84B9-4E93-8D12-77AB655CF3AA}.Release|ARM.Build.0 = Release|ARM
		{D78440C7-84B9-4E93-8D12-77AB655CF3AA}.Release|ARM.Deploy.0 = Release|ARM
		{D78440C7-84B9-4E93-8D12-77AB655CF3AA}.Release|x64.ActiveCfg = Release|x64
		{D78440C7-84B9-4E93-8D12-77AB655CF3AA}.Release|x64.Build.0 = Release|x64
		{D78440C7-84B9-4E93-8D12-77AB655CF3AA}.Release|x64.Deploy.0 = Release|x64
		{D78440C7-84B9-4E93-8D12-77AB655CF3AA}.Release|x86.ActiveCfg = Release|x86
		{D78440C7-84B9-4E93-8D12-77AB655CF3AA}.Release|x86.Build.0 = Release|x86
		{D78440C7-84B9-4E93-8D12-77AB655CF3AA}.Release|x86.Deploy.0 = Release|x86
	EndGlobalSection
	GlobalSection(SolutionProperties) = preSolution
		HideSolutionNode = FALSE
	EndGlobalSection
	GlobalSection(ExtensibilityGlobals) = postSolution
		SolutionGuid = {F2174BBA-F772-4674-AD72-844EE820CCA5}
	EndGlobalSection
EndGlobal
